
Microsoft Visual Studio Solution File, Format Version 12.00
# Visual Studio Version 17
VisualStudioVersion = 17.11.35303.130
MinimumVisualStudioVersion = 10.0.40219.1
Project("{FAE04EC0-301F-11D3-BF4B-00C04F79EFBC}") = "ContactAPI", "ContactAPI\ContactAPI.csproj", "{18AC9975-C05F-4DD0-B307-A11994504FDA}"
EndProject
Global
	GlobalSection(SolutionConfigurationPlatforms) = preSolution
		Debug|Any CPU = Debug|Any CPU
		Release|Any CPU = Release|Any CPU
	EndGlobalSection
	GlobalSection(ProjectConfigurationPlatforms) = postSolution
		{18AC9975-C05F-4DD0-B307-A11994504FDA}.Debug|Any CPU.ActiveCfg = Debug|Any CPU
		{18AC9975-C05F-4DD0-B307-A11994504FDA}.Debug|Any CPU.Build.0 = Debug|Any CPU
		{18AC9975-C05F-4DD0-B307-A11994504FDA}.Release|Any CPU.ActiveCfg = Release|Any CPU
		{18AC9975-C05F-4DD0-B307-A11994504FDA}.Release|Any CPU.Build.0 = Release|Any CPU
	EndGlobalSection
	GlobalSection(SolutionProperties) = preSolution
		HideSolutionNode = FALSE
	EndGlobalSection
	GlobalSection(ExtensibilityGlobals) = postSolution
		SolutionGuid = {25AE683B-013B-4B94-8237-53482F0E2B7D}
	EndGlobalSection
EndGlobal
